
Microsoft Visual Studio Solution File, Format Version 12.00
Project("{FAE04EC0-301F-11D3-BF4B-00C04F79EFBC}") = "AutoBackup", "AutoBackup\AutoBackup.csproj", "{DBD447C1-179B-400C-8A29-6CFCA380F94A}"
EndProject
Global
	GlobalSection(SolutionConfigurationPlatforms) = preSolution
		Debug|Any CPU = Debug|Any CPU
		Release|Any CPU = Release|Any CPU
	EndGlobalSection
	GlobalSection(ProjectConfigurationPlatforms) = postSolution
		{DBD447C1-179B-400C-8A29-6CFCA380F94A}.Debug|Any CPU.ActiveCfg = Debug|Any CPU
		{DBD447C1-179B-400C-8A29-6CFCA380F94A}.Debug|Any CPU.Build.0 = Debug|Any CPU
		{DBD447C1-179B-400C-8A29-6CFCA380F94A}.Release|Any CPU.ActiveCfg = Release|Any CPU
		{DBD447C1-179B-400C-8A29-6CFCA380F94A}.Release|Any CPU.Build.0 = Release|Any CPU
	EndGlobalSection
EndGlobal
